// !$*UTF8*$!
{
	archiveVersion = 1;
	classes = {
	};
	objectVersion = 52;
	objects = {

/* Begin PBXBuildFile section */
		708D2F3C2605D4EE00F04DA6 /* AppDelegate.swift in Sources */ = {isa = PBXBuildFile; fileRef = 708D2F3B2605D4EE00F04DA6 /* AppDelegate.swift */; };
		708D2F3E2605D4EE00F04DA6 /* ViewController.swift in Sources */ = {isa = PBXBuildFile; fileRef = 708D2F3D2605D4EE00F04DA6 /* ViewController.swift */; };
		708D2F402605D4EF00F04DA6 /* Assets.xcassets in Resources */ = {isa = PBXBuildFile; fileRef = 708D2F3F2605D4EF00F04DA6 /* Assets.xcassets */; };
		708D2F432605D4EF00F04DA6 /* Main.storyboard in Resources */ = {isa = PBXBuildFile; fileRef = 708D2F412605D4EF00F04DA6 /* Main.storyboard */; };
		708D2F4E2605D84500F04DA6 /* Promises in Frameworks */ = {isa = PBXBuildFile; productRef = 708D2F4D2605D84500F04DA6 /* Promises */; };
/* End PBXBuildFile section */

/* Begin PBXFileReference section */
		708D2F382605D4EE00F04DA6 /* UVC Viewer.app */ = {isa = PBXFileReference; explicitFileType = wrapper.application; includeInIndex = 0; path = "UVC Viewer.app"; sourceTree = BUILT_PRODUCTS_DIR; };
		708D2F3B2605D4EE00F04DA6 /* AppDelegate.swift */ = {isa = PBXFileReference; lastKnownFileType = sourcecode.swift; path = AppDelegate.swift; sourceTree = "<group>"; };
		708D2F3D2605D4EE00F04DA6 /* ViewController.swift */ = {isa = PBXFileReference; lastKnownFileType = sourcecode.swift; path = ViewController.swift; sourceTree = "<group>"; };
		708D2F3F2605D4EF00F04DA6 /* Assets.xcassets */ = {isa = PBXFileReference; lastKnownFileType = folder.assetcatalog; path = Assets.xcassets; sourceTree = "<group>"; };
		708D2F422605D4EF00F04DA6 /* Base */ = {isa = PBXFileReference; lastKnownFileType = file.storyboard; name = Base; path = Base.lproj/Main.storyboard; sourceTree = "<group>"; };
		708D2F442605D4EF00F04DA6 /* Info.plist */ = {isa = PBXFileReference; lastKnownFileType = text.plist.xml; path = Info.plist; sourceTree = "<group>"; };
		708D2F452605D4EF00F04DA6 /* UVC_Viewer.entitlements */ = {isa = PBXFileReference; lastKnownFileType = text.plist.entitlements; path = UVC_Viewer.entitlements; sourceTree = "<group>"; };
/* End PBXFileReference section */

/* Begin PBXFrameworksBuildPhase section */
		708D2F352605D4EE00F04DA6 /* Frameworks */ = {
			isa = PBXFrameworksBuildPhase;
			buildActionMask = 2147483647;
			files = (
				708D2F4E2605D84500F04DA6 /* Promises in Frameworks */,
			);
			runOnlyForDeploymentPostprocessing = 0;
		};
/* End PBXFrameworksBuildPhase section */

/* Begin PBXGroup section */
		708D2F2F2605D4EE00F04DA6 = {
			isa = PBXGroup;
			children = (
				708D2F3A2605D4EE00F04DA6 /* UVC Viewer */,
				708D2F392605D4EE00F04DA6 /* Products */,
			);
			sourceTree = "<group>";
		};
		708D2F392605D4EE00F04DA6 /* Products */ = {
			isa = PBXGroup;
			children = (
				708D2F382605D4EE00F04DA6 /* UVC Viewer.app */,
			);
			name = Products;
			sourceTree = "<group>";
		};
		708D2F3A2605D4EE00F04DA6 /* UVC Viewer */ = {
			isa = PBXGroup;
			children = (
				708D2F3B2605D4EE00F04DA6 /* AppDelegate.swift */,
				708D2F3D2605D4EE00F04DA6 /* ViewController.swift */,
				708D2F3F2605D4EF00F04DA6 /* Assets.xcassets */,
				708D2F412605D4EF00F04DA6 /* Main.storyboard */,
				708D2F442605D4EF00F04DA6 /* Info.plist */,
				708D2F452605D4EF00F04DA6 /* UVC_Viewer.entitlements */,
			);
			path = "UVC Viewer";
			sourceTree = "<group>";
		};
/* End PBXGroup section */

/* Begin PBXNativeTarget section */
		708D2F372605D4EE00F04DA6 /* UVC Viewer */ = {
			isa = PBXNativeTarget;
			buildConfigurationList = 708D2F482605D4EF00F04DA6 /* Build configuration list for PBXNativeTarget "UVC Viewer" */;
			buildPhases = (
				708D2F342605D4EE00F04DA6 /* Sources */,
				708D2F352605D4EE00F04DA6 /* Frameworks */,
				708D2F362605D4EE00F04DA6 /* Resources */,
			);
			buildRules = (
			);
			dependencies = (
			);
			name = "UVC Viewer";
			packageProductDependencies = (
				708D2F4D2605D84500F04DA6 /* Promises */,
			);
			productName = "UVC Viewer";
			productReference = 708D2F382605D4EE00F04DA6 /* UVC Viewer.app */;
			productType = "com.apple.product-type.application";
		};
/* End PBXNativeTarget section */

/* Begin PBXProject section */
		708D2F302605D4EE00F04DA6 /* Project object */ = {
			isa = PBXProject;
			attributes = {
				LastSwiftUpdateCheck = 1240;
				LastUpgradeCheck = 1240;
				TargetAttributes = {
					708D2F372605D4EE00F04DA6 = {
						CreatedOnToolsVersion = 12.4;
					};
				};
			};
			buildConfigurationList = 708D2F332605D4EE00F04DA6 /* Build configuration list for PBXProject "UVC Viewer" */;
			compatibilityVersion = "Xcode 9.3";
			developmentRegion = en;
			hasScannedForEncodings = 0;
			knownRegions = (
				en,
				Base,
			);
			mainGroup = 708D2F2F2605D4EE00F04DA6;
			packageReferences = (
				708D2F4C2605D84500F04DA6 /* XCRemoteSwiftPackageReference "promises" */,
			);
			productRefGroup = 708D2F392605D4EE00F04DA6 /* Products */;
			projectDirPath = "";
			projectRoot = "";
			targets = (
				708D2F372605D4EE00F04DA6 /* UVC Viewer */,
			);
		};
/* End PBXProject section */

/* Begin PBXResourcesBuildPhase section */
		708D2F362605D4EE00F04DA6 /* Resources */ = {
			isa = PBXResourcesBuildPhase;
			buildActionMask = 2147483647;
			files = (
				708D2F402605D4EF00F04DA6 /* Assets.xcassets in Resources */,
				708D2F432605D4EF00F04DA6 /* Main.storyboard in Resources */,
			);
			runOnlyForDeploymentPostprocessing = 0;
		};
/* End PBXResourcesBuildPhase section */

/* Begin PBXSourcesBuildPhase section */
		708D2F342605D4EE00F04DA6 /* Sources */ = {
			isa = PBXSourcesBuildPhase;
			buildActionMask = 2147483647;
			files = (
				708D2F3E2605D4EE00F04DA6 /* ViewController.swift in Sources */,
				708D2F3C2605D4EE00F04DA6 /* AppDelegate.swift in Sources */,
			);
			runOnlyForDeploymentPostprocessing = 0;
		};
/* End PBXSourcesBuildPhase section */

/* Begin PBXVariantGroup section */
		708D2F412605D4EF00F04DA6 /* Main.storyboard */ = {
			isa = PBXVariantGroup;
			children = (
				708D2F422605D4EF00F04DA6 /* Base */,
			);
			name = Main.storyboard;
			sourceTree = "<group>";
		};
/* End PBXVariantGroup section */

/* Begin XCBuildConfiguration section */
		708D2F462605D4EF00F04DA6 /* Debug */ = {
			isa = XCBuildConfiguration;
			buildSettings = {
				ALWAYS_SEARCH_USER_PATHS = NO;
				CLANG_ANALYZER_NONNULL = YES;
				CLANG_ANALYZER_NUMBER_OBJECT_CONVERSION = YES_AGGRESSIVE;
				CLANG_CXX_LANGUAGE_STANDARD = "gnu++14";
				CLANG_CXX_LIBRARY = "libc++";
				CLANG_ENABLE_MODULES = YES;
				CLANG_ENABLE_OBJC_ARC = YES;
				CLANG_ENABLE_OBJC_WEAK = YES;
				CLANG_WARN_BLOCK_CAPTURE_AUTORELEASING = YES;
				CLANG_WARN_BOOL_CONVERSION = YES;
				CLANG_WARN_COMMA = YES;
				CLANG_WARN_CONSTANT_CONVERSION = YES;
				CLANG_WARN_DEPRECATED_OBJC_IMPLEMENTATIONS = YES;
				CLANG_WARN_DIRECT_OBJC_ISA_USAGE = YES_ERROR;
				CLANG_WARN_DOCUMENTATION_COMMENTS = YES;
				CLANG_WARN_EMPTY_BODY = YES;
				CLANG_WARN_ENUM_CONVERSION = YES;
				CLANG_WARN_INFINITE_RECURSION = YES;
				CLANG_WARN_INT_CONVERSION = YES;
				CLANG_WARN_NON_LITERAL_NULL_CONVERSION = YES;
				CLANG_WARN_OBJC_IMPLICIT_RETAIN_SELF = YES;
				CLANG_WARN_OBJC_LITERAL_CONVERSION = YES;
				CLANG_WARN_OBJC_ROOT_CLASS = YES_ERROR;
				CLANG_WARN_QUOTED_INCLUDE_IN_FRAMEWORK_HEADER = YES;
				CLANG_WARN_RANGE_LOOP_ANALYSIS = YES;
				CLANG_WARN_STRICT_PROTOTYPES = YES;
				CLANG_WARN_SUSPICIOUS_MOVE = YES;
				CLANG_WARN_UNGUARDED_AVAILABILITY = YES_AGGRESSIVE;
				CLANG_WARN_UNREACHABLE_CODE = YES;
				CLANG_WARN__DUPLICATE_METHOD_MATCH = YES;
				COPY_PHASE_STRIP = NO;
				DEBUG_INFORMATION_FORMAT = dwarf;
				ENABLE_STRICT_OBJC_MSGSEND = YES;
				ENABLE_TESTABILITY = YES;
				GCC_C_LANGUAGE_STANDARD = gnu11;
				GCC_DYNAMIC_NO_PIC = NO;
				GCC_NO_COMMON_BLOCKS = YES;
				GCC_OPTIMIZATION_LEVEL = 0;
				GCC_PREPROCESSOR_DEFINITIONS = (
					"DEBUG=1",
					"$(inherited)",
				);
				GCC_WARN_64_TO_32_BIT_CONVERSION = YES;
				GCC_WARN_ABOUT_RETURN_TYPE = YES_ERROR;
				GCC_WARN_UNDECLARED_SELECTOR = YES;
				GCC_WARN_UNINITIALIZED_AUTOS = YES_AGGRESSIVE;
				GCC_WARN_UNUSED_FUNCTION = YES;
				GCC_WARN_UNUSED_VARIABLE = YES;
				MACOSX_DEPLOYMENT_TARGET = 11.1;
				MTL_ENABLE_DEBUG_INFO = INCLUDE_SOURCE;
				MTL_FAST_MATH = YES;
				ONLY_ACTIVE_ARCH = YES;
				SDKROOT = macosx;
				SWIFT_ACTIVE_COMPILATION_CONDITIONS = DEBUG;
				SWIFT_OPTIMIZATION_LEVEL = "-Onone";
			};
			name = Debug;
		};
		708D2F472605D4EF00F04DA6 /* Release */ = {
			isa = XCBuildConfiguration;
			buildSettings = {
				ALWAYS_SEARCH_USER_PATHS = NO;
				CLANG_ANALYZER_NONNULL = YES;
				CLANG_ANALYZER_NUMBER_OBJECT_CONVERSION = YES_AGGRESSIVE;
				CLANG_CXX_LANGUAGE_STANDARD = "gnu++14";
				CLANG_CXX_LIBRARY = "libc++";
				CLANG_ENABLE_MODULES = YES;
				CLANG_ENABLE_OBJC_ARC = YES;
				CLANG_ENABLE_OBJC_WEAK = YES;
				CLANG_WARN_BLOCK_CAPTURE_AUTORELEASING = YES;
				CLANG_WARN_BOOL_CONVERSION = YES;
				CLANG_WARN_COMMA = YES;
				CLANG_WARN_CONSTANT_CONVERSION = YES;
				CLANG_WARN_DEPRECATED_OBJC_IMPLEMENTATIONS = YES;
				CLANG_WARN_DIRECT_OBJC_ISA_USAGE = YES_ERROR;
				CLANG_WARN_DOCUMENTATION_COMMENTS = YES;
				CLANG_WARN_EMPTY_BODY = YES;
				CLANG_WARN_ENUM_CONVERSION = YES;
				CLANG_WARN_INFINITE_RECURSION = YES;
				CLANG_WARN_INT_CONVERSION = YES;
				CLANG_WARN_NON_LITERAL_NULL_CONVERSION = YES;
				CLANG_WARN_OBJC_IMPLICIT_RETAIN_SELF = YES;
				CLANG_WARN_OBJC_LITERAL_CONVERSION = YES;
				CLANG_WARN_OBJC_ROOT_CLASS = YES_ERROR;
				CLANG_WARN_QUOTED_INCLUDE_IN_FRAMEWORK_HEADER = YES;
				CLANG_WARN_RANGE_LOOP_ANALYSIS = YES;
				CLANG_WARN_STRICT_PROTOTYPES = YES;
				CLANG_WARN_SUSPICIOUS_MOVE = YES;
				CLANG_WARN_UNGUARDED_AVAILABILITY = YES_AGGRESSIVE;
				CLANG_WARN_UNREACHABLE_CODE = YES;
				CLANG_WARN__DUPLICATE_METHOD_MATCH = YES;
				COPY_PHASE_STRIP = NO;
				DEBUG_INFORMATION_FORMAT = "dwarf-with-dsym";
				ENABLE_NS_ASSERTIONS = NO;
				ENABLE_STRICT_OBJC_MSGSEND = YES;
				GCC_C_LANGUAGE_STANDARD = gnu11;
				GCC_NO_COMMON_BLOCKS = YES;
				GCC_WARN_64_TO_32_BIT_CONVERSION = YES;
				GCC_WARN_ABOUT_RETURN_TYPE = YES_ERROR;
				GCC_WARN_UNDECLARED_SELECTOR = YES;
				GCC_WARN_UNINITIALIZED_AUTOS = YES_AGGRESSIVE;
				GCC_WARN_UNUSED_FUNCTION = YES;
				GCC_WARN_UNUSED_VARIABLE = YES;
				MACOSX_DEPLOYMENT_TARGET = 11.1;
				MTL_ENABLE_DEBUG_INFO = NO;
				MTL_FAST_MATH = YES;
				SDKROOT = macosx;
				SWIFT_COMPILATION_MODE = wholemodule;
				SWIFT_OPTIMIZATION_LEVEL = "-O";
			};
			name = Release;
		};
		708D2F492605D4EF00F04DA6 /* Debug */ = {
			isa = XCBuildConfiguration;
			buildSettings = {
				ASSETCATALOG_COMPILER_APPICON_NAME = AppIcon;
				ASSETCATALOG_COMPILER_GLOBAL_ACCENT_COLOR_NAME = AccentColor;
				CODE_SIGN_ENTITLEMENTS = "UVC Viewer/UVC_Viewer.entitlements";
				CODE_SIGN_STYLE = Automatic;
				COMBINE_HIDPI_IMAGES = YES;
				INFOPLIST_FILE = "UVC Viewer/Info.plist";
				LD_RUNPATH_SEARCH_PATHS = (
					"$(inherited)",
					"@executable_path/../Frameworks",
				);
				PRODUCT_BUNDLE_IDENTIFIER = "donn.website.UVC-Viewer";
				PRODUCT_NAME = "$(TARGET_NAME)";
				SWIFT_VERSION = 5.0;
			};
			name = Debug;
		};
		708D2F4A2605D4EF00F04DA6 /* Release */ = {
			isa = XCBuildConfiguration;
			buildSettings = {
				ASSETCATALOG_COMPILER_APPICON_NAME = AppIcon;
				ASSETCATALOG_COMPILER_GLOBAL_ACCENT_COLOR_NAME = AccentColor;
				CODE_SIGN_ENTITLEMENTS = "UVC Viewer/UVC_Viewer.entitlements";
				CODE_SIGN_STYLE = Automatic;
				COMBINE_HIDPI_IMAGES = YES;
				INFOPLIST_FILE = "UVC Viewer/Info.plist";
				LD_RUNPATH_SEARCH_PATHS = (
					"$(inherited)",
					"@executable_path/../Frameworks",
				);
				PRODUCT_BUNDLE_IDENTIFIER = "donn.website.UVC-Viewer";
				PRODUCT_NAME = "$(TARGET_NAME)";
				SWIFT_VERSION = 5.0;
			};
			name = Release;
		};
/* End XCBuildConfiguration section */

/* Begin XCConfigurationList section */
		708D2F332605D4EE00F04DA6 /* Build configuration list for PBXProject "UVC Viewer" */ = {
			isa = XCConfigurationList;
			buildConfigurations = (
				708D2F462605D4EF00F04DA6 /* Debug */,
				708D2F472605D4EF00F04DA6 /* Release */,
			);
			defaultConfigurationIsVisible = 0;
			defaultConfigurationName = Release;
		};
		708D2F482605D4EF00F04DA6 /* Build configuration list for PBXNativeTarget "UVC Viewer" */ = {
			isa = XCConfigurationList;
			buildConfigurations = (
				708D2F492605D4EF00F04DA6 /* Debug */,
				708D2F4A2605D4EF00F04DA6 /* Release */,
			);
			defaultConfigurationIsVisible = 0;
			defaultConfigurationName = Release;
		};
/* End XCConfigurationList section */

/* Begin XCRemoteSwiftPackageReference section */
		708D2F4C2605D84500F04DA6 /* XCRemoteSwiftPackageReference "promises" */ = {
			isa = XCRemoteSwiftPackageReference;
			repositoryURL = "https://github.com/google/promises.git";
			requirement = {
				kind = upToNextMinorVersion;
				minimumVersion = 1.2.12;
			};
		};
/* End XCRemoteSwiftPackageReference section */

/* Begin XCSwiftPackageProductDependency section */
		708D2F4D2605D84500F04DA6 /* Promises */ = {
			isa = XCSwiftPackageProductDependency;
			package = 708D2F4C2605D84500F04DA6 /* XCRemoteSwiftPackageReference "promises" */;
			productName = Promises;
		};
/* End XCSwiftPackageProductDependency section */
	};
	rootObject = 708D2F302605D4EE00F04DA6 /* Project object */;
}
